// !$*UTF8*$!
{
	archiveVersion = 1;
	classes = {
	};
	objectVersion = 56;
	objects = {

/* Begin PBXBuildFile section */
		0B4AEE912A4CC49F00FFD27B /* CategoriesViewModel.swift in Sources */ = {isa = PBXBuildFile; fileRef = 0B4AEE902A4CC49F00FFD27B /* CategoriesViewModel.swift */; };
		0B4AEE932A4CC67D00FFD27B /* CustomError.swift in Sources */ = {isa = PBXBuildFile; fileRef = 0B4AEE922A4CC67D00FFD27B /* CustomError.swift */; };
		843B8F602A52E0FA0011DBE4 /* CardDishView.swift in Sources */ = {isa = PBXBuildFile; fileRef = 843B8F5F2A52E0FA0011DBE4 /* CardDishView.swift */; };
		843B8F622A52E5850011DBE4 /* MyStepper.swift in Sources */ = {isa = PBXBuildFile; fileRef = 843B8F612A52E5850011DBE4 /* MyStepper.swift */; };
		843B8F642A52EEB30011DBE4 /* ModalView.swift in Sources */ = {isa = PBXBuildFile; fileRef = 843B8F632A52EEB30011DBE4 /* ModalView.swift */; };
		843B8F682A53162E0011DBE4 /* AccountScreen.swift in Sources */ = {isa = PBXBuildFile; fileRef = 843B8F672A53162E0011DBE4 /* AccountScreen.swift */; };
		8463A27A2A5414A900385A23 /* Coordinator.swift in Sources */ = {isa = PBXBuildFile; fileRef = 8463A2792A5414A900385A23 /* Coordinator.swift */; };
		8463A27D2A54152900385A23 /* Screens.swift in Sources */ = {isa = PBXBuildFile; fileRef = 8463A27C2A54152900385A23 /* Screens.swift */; };
		8463A27F2A5415D200385A23 /* Sheets.swift in Sources */ = {isa = PBXBuildFile; fileRef = 8463A27E2A5415D200385A23 /* Sheets.swift */; };
		8463A2812A541CED00385A23 /* Color.swift in Sources */ = {isa = PBXBuildFile; fileRef = 8463A2802A541CED00385A23 /* Color.swift */; };
		8463A2832A54406A00385A23 /* SearchScreen.swift in Sources */ = {isa = PBXBuildFile; fileRef = 8463A2822A54406A00385A23 /* SearchScreen.swift */; };
		8463A2852A5443FA00385A23 /* TotalScreen.swift in Sources */ = {isa = PBXBuildFile; fileRef = 8463A2842A5443F900385A23 /* TotalScreen.swift */; };
		847164ED2A4C169300513A16 /* RestoApp.swift in Sources */ = {isa = PBXBuildFile; fileRef = 847164EC2A4C169300513A16 /* RestoApp.swift */; };
		847164EF2A4C169300513A16 /* ContentView.swift in Sources */ = {isa = PBXBuildFile; fileRef = 847164EE2A4C169300513A16 /* ContentView.swift */; };
		847164F12A4C169500513A16 /* Assets.xcassets in Resources */ = {isa = PBXBuildFile; fileRef = 847164F02A4C169500513A16 /* Assets.xcassets */; };
		847164F42A4C169500513A16 /* Preview Assets.xcassets in Resources */ = {isa = PBXBuildFile; fileRef = 847164F32A4C169500513A16 /* Preview Assets.xcassets */; };
		847164FB2A4C1F6800513A16 /* MainScreen.swift in Sources */ = {isa = PBXBuildFile; fileRef = 847164FA2A4C1F6800513A16 /* MainScreen.swift */; };
		847164FD2A4C1F8100513A16 /* CategoryScreen.swift in Sources */ = {isa = PBXBuildFile; fileRef = 847164FC2A4C1F8100513A16 /* CategoryScreen.swift */; };
		847164FF2A4C1F9B00513A16 /* CartScreen.swift in Sources */ = {isa = PBXBuildFile; fileRef = 847164FE2A4C1F9B00513A16 /* CartScreen.swift */; };
		847165012A4C225A00513A16 /* MainCategoryCard.swift in Sources */ = {isa = PBXBuildFile; fileRef = 847165002A4C225A00513A16 /* MainCategoryCard.swift */; };
		847165032A4C748700513A16 /* CategoriesModel.swift in Sources */ = {isa = PBXBuildFile; fileRef = 847165022A4C748700513A16 /* CategoriesModel.swift */; };
		847165052A4C752100513A16 /* Category.swift in Sources */ = {isa = PBXBuildFile; fileRef = 847165042A4C752100513A16 /* Category.swift */; };
		847165092A4C75FE00513A16 /* NetworkManager.swift in Sources */ = {isa = PBXBuildFile; fileRef = 847165082A4C75FE00513A16 /* NetworkManager.swift */; };
		8471650B2A4C7EC100513A16 /* DishesModel.swift in Sources */ = {isa = PBXBuildFile; fileRef = 8471650A2A4C7EC100513A16 /* DishesModel.swift */; };
		8471650D2A4C7EF000513A16 /* Dish.swift in Sources */ = {isa = PBXBuildFile; fileRef = 8471650C2A4C7EF000513A16 /* Dish.swift */; };
		8491336A2A4D4D340028B59C /* DishView.swift in Sources */ = {isa = PBXBuildFile; fileRef = 849133692A4D4D340028B59C /* DishView.swift */; };
		8491336C2A4D4EA70028B59C /* DishViewModel.swift in Sources */ = {isa = PBXBuildFile; fileRef = 8491336B2A4D4EA70028B59C /* DishViewModel.swift */; };
/* End PBXBuildFile section */

/* Begin PBXFileReference section */
		0B4AEE902A4CC49F00FFD27B /* CategoriesViewModel.swift */ = {isa = PBXFileReference; lastKnownFileType = sourcecode.swift; path = CategoriesViewModel.swift; sourceTree = "<group>"; };
		0B4AEE922A4CC67D00FFD27B /* CustomError.swift */ = {isa = PBXFileReference; lastKnownFileType = sourcecode.swift; path = CustomError.swift; sourceTree = "<group>"; };
		843B8F5F2A52E0FA0011DBE4 /* CardDishView.swift */ = {isa = PBXFileReference; lastKnownFileType = sourcecode.swift; path = CardDishView.swift; sourceTree = "<group>"; };
		843B8F612A52E5850011DBE4 /* MyStepper.swift */ = {isa = PBXFileReference; lastKnownFileType = sourcecode.swift; path = MyStepper.swift; sourceTree = "<group>"; };
		843B8F632A52EEB30011DBE4 /* ModalView.swift */ = {isa = PBXFileReference; lastKnownFileType = sourcecode.swift; path = ModalView.swift; sourceTree = "<group>"; };
		843B8F672A53162E0011DBE4 /* AccountScreen.swift */ = {isa = PBXFileReference; lastKnownFileType = sourcecode.swift; path = AccountScreen.swift; sourceTree = "<group>"; };
		8463A2792A5414A900385A23 /* Coordinator.swift */ = {isa = PBXFileReference; lastKnownFileType = sourcecode.swift; path = Coordinator.swift; sourceTree = "<group>"; };
		8463A27C2A54152900385A23 /* Screens.swift */ = {isa = PBXFileReference; lastKnownFileType = sourcecode.swift; path = Screens.swift; sourceTree = "<group>"; };
		8463A27E2A5415D200385A23 /* Sheets.swift */ = {isa = PBXFileReference; lastKnownFileType = sourcecode.swift; path = Sheets.swift; sourceTree = "<group>"; };
		8463A2802A541CED00385A23 /* Color.swift */ = {isa = PBXFileReference; lastKnownFileType = sourcecode.swift; path = Color.swift; sourceTree = "<group>"; };
		8463A2822A54406A00385A23 /* SearchScreen.swift */ = {isa = PBXFileReference; lastKnownFileType = sourcecode.swift; path = SearchScreen.swift; sourceTree = "<group>"; };
		8463A2842A5443F900385A23 /* TotalScreen.swift */ = {isa = PBXFileReference; lastKnownFileType = sourcecode.swift; path = TotalScreen.swift; sourceTree = "<group>"; };
		847164E92A4C169300513A16 /* Resto.app */ = {isa = PBXFileReference; explicitFileType = wrapper.application; includeInIndex = 0; path = Resto.app; sourceTree = BUILT_PRODUCTS_DIR; };
		847164EC2A4C169300513A16 /* RestoApp.swift */ = {isa = PBXFileReference; lastKnownFileType = sourcecode.swift; path = RestoApp.swift; sourceTree = "<group>"; };
		847164EE2A4C169300513A16 /* ContentView.swift */ = {isa = PBXFileReference; lastKnownFileType = sourcecode.swift; path = ContentView.swift; sourceTree = "<group>"; };
		847164F02A4C169500513A16 /* Assets.xcassets */ = {isa = PBXFileReference; lastKnownFileType = folder.assetcatalog; path = Assets.xcassets; sourceTree = "<group>"; };
		847164F32A4C169500513A16 /* Preview Assets.xcassets */ = {isa = PBXFileReference; lastKnownFileType = folder.assetcatalog; path = "Preview Assets.xcassets"; sourceTree = "<group>"; };
		847164FA2A4C1F6800513A16 /* MainScreen.swift */ = {isa = PBXFileReference; lastKnownFileType = sourcecode.swift; path = MainScreen.swift; sourceTree = "<group>"; };
		847164FC2A4C1F8100513A16 /* CategoryScreen.swift */ = {isa = PBXFileReference; lastKnownFileType = sourcecode.swift; path = CategoryScreen.swift; sourceTree = "<group>"; };
		847164FE2A4C1F9B00513A16 /* CartScreen.swift */ = {isa = PBXFileReference; lastKnownFileType = sourcecode.swift; path = CartScreen.swift; sourceTree = "<group>"; };
		847165002A4C225A00513A16 /* MainCategoryCard.swift */ = {isa = PBXFileReference; lastKnownFileType = sourcecode.swift; path = MainCategoryCard.swift; sourceTree = "<group>"; };
		847165022A4C748700513A16 /* CategoriesModel.swift */ = {isa = PBXFileReference; lastKnownFileType = sourcecode.swift; path = CategoriesModel.swift; sourceTree = "<group>"; };
		847165042A4C752100513A16 /* Category.swift */ = {isa = PBXFileReference; lastKnownFileType = sourcecode.swift; path = Category.swift; sourceTree = "<group>"; };
		847165082A4C75FE00513A16 /* NetworkManager.swift */ = {isa = PBXFileReference; lastKnownFileType = sourcecode.swift; path = NetworkManager.swift; sourceTree = "<group>"; };
		8471650A2A4C7EC100513A16 /* DishesModel.swift */ = {isa = PBXFileReference; lastKnownFileType = sourcecode.swift; path = DishesModel.swift; sourceTree = "<group>"; };
		8471650C2A4C7EF000513A16 /* Dish.swift */ = {isa = PBXFileReference; lastKnownFileType = sourcecode.swift; path = Dish.swift; sourceTree = "<group>"; };
		849133692A4D4D340028B59C /* DishView.swift */ = {isa = PBXFileReference; lastKnownFileType = sourcecode.swift; path = DishView.swift; sourceTree = "<group>"; };
		8491336B2A4D4EA70028B59C /* DishViewModel.swift */ = {isa = PBXFileReference; lastKnownFileType = sourcecode.swift; path = DishViewModel.swift; sourceTree = "<group>"; };
/* End PBXFileReference section */

/* Begin PBXFrameworksBuildPhase section */
		847164E62A4C169300513A16 /* Frameworks */ = {
			isa = PBXFrameworksBuildPhase;
			buildActionMask = 2147483647;
			files = (
			);
			runOnlyForDeploymentPostprocessing = 0;
		};
/* End PBXFrameworksBuildPhase section */

/* Begin PBXGroup section */
		0B4AEE8F2A4CC47E00FFD27B /* ViewModels */ = {
			isa = PBXGroup;
			children = (
				0B4AEE902A4CC49F00FFD27B /* CategoriesViewModel.swift */,
				8491336B2A4D4EA70028B59C /* DishViewModel.swift */,
			);
			path = ViewModels;
			sourceTree = "<group>";
		};
		8463A27B2A54151700385A23 /* Enums */ = {
			isa = PBXGroup;
			children = (
				8463A27C2A54152900385A23 /* Screens.swift */,
				8463A27E2A5415D200385A23 /* Sheets.swift */,
			);
			path = Enums;
			sourceTree = "<group>";
		};
		847164E02A4C169300513A16 = {
			isa = PBXGroup;
			children = (
				0B4AEE922A4CC67D00FFD27B /* CustomError.swift */,
				847164EB2A4C169300513A16 /* Resto */,
				847164EA2A4C169300513A16 /* Products */,
			);
			sourceTree = "<group>";
		};
		847164EA2A4C169300513A16 /* Products */ = {
			isa = PBXGroup;
			children = (
				847164E92A4C169300513A16 /* Resto.app */,
			);
			name = Products;
			sourceTree = "<group>";
		};
		847164EB2A4C169300513A16 /* Resto */ = {
			isa = PBXGroup;
			children = (
				84E10F232A53F76500CD0AD1 /* Views */,
				843B8F612A52E5850011DBE4 /* MyStepper.swift */,
				847164EE2A4C169300513A16 /* ContentView.swift */,
				847165002A4C225A00513A16 /* MainCategoryCard.swift */,
				847164EC2A4C169300513A16 /* RestoApp.swift */,
				847165072A4C75E100513A16 /* Services */,
				0B4AEE8F2A4CC47E00FFD27B /* ViewModels */,
				847164F02A4C169500513A16 /* Assets.xcassets */,
				847165062A4C75C800513A16 /* Models */,
				847164F22A4C169500513A16 /* Preview Content */,
			);
			path = Resto;
			sourceTree = "<group>";
		};
		847164F22A4C169500513A16 /* Preview Content */ = {
			isa = PBXGroup;
			children = (
				847164F32A4C169500513A16 /* Preview Assets.xcassets */,
			);
			path = "Preview Content";
			sourceTree = "<group>";
		};
		847165062A4C75C800513A16 /* Models */ = {
			isa = PBXGroup;
			children = (
				847165042A4C752100513A16 /* Category.swift */,
				847165022A4C748700513A16 /* CategoriesModel.swift */,
				8471650A2A4C7EC100513A16 /* DishesModel.swift */,
				8471650C2A4C7EF000513A16 /* Dish.swift */,
			);
			path = Models;
			sourceTree = "<group>";
		};
		847165072A4C75E100513A16 /* Services */ = {
			isa = PBXGroup;
			children = (
				8463A27B2A54151700385A23 /* Enums */,
				847165082A4C75FE00513A16 /* NetworkManager.swift */,
				8463A2792A5414A900385A23 /* Coordinator.swift */,
				8463A2802A541CED00385A23 /* Color.swift */,
			);
			path = Services;
			sourceTree = "<group>";
		};
		84E10F232A53F76500CD0AD1 /* Views */ = {
			isa = PBXGroup;
			children = (
				84E10F242A53F78100CD0AD1 /* Screens */,
				843B8F5F2A52E0FA0011DBE4 /* CardDishView.swift */,
				843B8F632A52EEB30011DBE4 /* ModalView.swift */,
				849133692A4D4D340028B59C /* DishView.swift */,
			);
			path = Views;
			sourceTree = "<group>";
		};
		84E10F242A53F78100CD0AD1 /* Screens */ = {
			isa = PBXGroup;
			children = (
				847164FC2A4C1F8100513A16 /* CategoryScreen.swift */,
				847164FE2A4C1F9B00513A16 /* CartScreen.swift */,
				843B8F672A53162E0011DBE4 /* AccountScreen.swift */,
				847164FA2A4C1F6800513A16 /* MainScreen.swift */,
				8463A2822A54406A00385A23 /* SearchScreen.swift */,
				8463A2842A5443F900385A23 /* TotalScreen.swift */,
			);
			path = Screens;
			sourceTree = "<group>";
		};
/* End PBXGroup section */

/* Begin PBXNativeTarget section */
		847164E82A4C169300513A16 /* Resto */ = {
			isa = PBXNativeTarget;
			buildConfigurationList = 847164F72A4C169500513A16 /* Build configuration list for PBXNativeTarget "Resto" */;
			buildPhases = (
				847164E52A4C169300513A16 /* Sources */,
				847164E62A4C169300513A16 /* Frameworks */,
				847164E72A4C169300513A16 /* Resources */,
			);
			buildRules = (
			);
			dependencies = (
			);
			name = Resto;
			productName = Resto;
			productReference = 847164E92A4C169300513A16 /* Resto.app */;
			productType = "com.apple.product-type.application";
		};
/* End PBXNativeTarget section */

/* Begin PBXProject section */
		847164E12A4C169300513A16 /* Project object */ = {
			isa = PBXProject;
			attributes = {
				BuildIndependentTargetsInParallel = 1;
				LastSwiftUpdateCheck = 1430;
				LastUpgradeCheck = 1430;
				TargetAttributes = {
					847164E82A4C169300513A16 = {
						CreatedOnToolsVersion = 14.3.1;
					};
				};
			};
			buildConfigurationList = 847164E42A4C169300513A16 /* Build configuration list for PBXProject "Resto" */;
			compatibilityVersion = "Xcode 14.0";
			developmentRegion = en;
			hasScannedForEncodings = 0;
			knownRegions = (
				en,
				Base,
			);
			mainGroup = 847164E02A4C169300513A16;
			productRefGroup = 847164EA2A4C169300513A16 /* Products */;
			projectDirPath = "";
			projectRoot = "";
			targets = (
				847164E82A4C169300513A16 /* Resto */,
			);
		};
/* End PBXProject section */

/* Begin PBXResourcesBuildPhase section */
		847164E72A4C169300513A16 /* Resources */ = {
			isa = PBXResourcesBuildPhase;
			buildActionMask = 2147483647;
			files = (
				847164F42A4C169500513A16 /* Preview Assets.xcassets in Resources */,
				847164F12A4C169500513A16 /* Assets.xcassets in Resources */,
			);
			runOnlyForDeploymentPostprocessing = 0;
		};
/* End PBXResourcesBuildPhase section */

/* Begin PBXSourcesBuildPhase section */
		847164E52A4C169300513A16 /* Sources */ = {
			isa = PBXSourcesBuildPhase;
			buildActionMask = 2147483647;
			files = (
				843B8F622A52E5850011DBE4 /* MyStepper.swift in Sources */,
				8463A27F2A5415D200385A23 /* Sheets.swift in Sources */,
				8463A2812A541CED00385A23 /* Color.swift in Sources */,
				847165092A4C75FE00513A16 /* NetworkManager.swift in Sources */,
				847164FB2A4C1F6800513A16 /* MainScreen.swift in Sources */,
				8491336A2A4D4D340028B59C /* DishView.swift in Sources */,
				0B4AEE932A4CC67D00FFD27B /* CustomError.swift in Sources */,
				8471650D2A4C7EF000513A16 /* Dish.swift in Sources */,
				843B8F642A52EEB30011DBE4 /* ModalView.swift in Sources */,
				847164FD2A4C1F8100513A16 /* CategoryScreen.swift in Sources */,
				847164FF2A4C1F9B00513A16 /* CartScreen.swift in Sources */,
				8463A2832A54406A00385A23 /* SearchScreen.swift in Sources */,
				847164EF2A4C169300513A16 /* ContentView.swift in Sources */,
				847165032A4C748700513A16 /* CategoriesModel.swift in Sources */,
				847165012A4C225A00513A16 /* MainCategoryCard.swift in Sources */,
				8463A27A2A5414A900385A23 /* Coordinator.swift in Sources */,
				843B8F602A52E0FA0011DBE4 /* CardDishView.swift in Sources */,
				843B8F682A53162E0011DBE4 /* AccountScreen.swift in Sources */,
				8471650B2A4C7EC100513A16 /* DishesModel.swift in Sources */,
				8463A2852A5443FA00385A23 /* TotalScreen.swift in Sources */,
				847164ED2A4C169300513A16 /* RestoApp.swift in Sources */,
				8491336C2A4D4EA70028B59C /* DishViewModel.swift in Sources */,
				8463A27D2A54152900385A23 /* Screens.swift in Sources */,
				0B4AEE912A4CC49F00FFD27B /* CategoriesViewModel.swift in Sources */,
				847165052A4C752100513A16 /* Category.swift in Sources */,
			);
			runOnlyForDeploymentPostprocessing = 0;
		};
/* End PBXSourcesBuildPhase section */

/* Begin XCBuildConfiguration section */
		847164F52A4C169500513A16 /* Debug */ = {
			isa = XCBuildConfiguration;
			buildSettings = {
				ALWAYS_SEARCH_USER_PATHS = NO;
				CLANG_ANALYZER_NONNULL = YES;
				CLANG_ANALYZER_NUMBER_OBJECT_CONVERSION = YES_AGGRESSIVE;
				CLANG_CXX_LANGUAGE_STANDARD = "gnu++20";
				CLANG_ENABLE_MODULES = YES;
				CLANG_ENABLE_OBJC_ARC = YES;
				CLANG_ENABLE_OBJC_WEAK = YES;
				CLANG_WARN_BLOCK_CAPTURE_AUTORELEASING = YES;
				CLANG_WARN_BOOL_CONVERSION = YES;
				CLANG_WARN_COMMA = YES;
				CLANG_WARN_CONSTANT_CONVERSION = YES;
				CLANG_WARN_DEPRECATED_OBJC_IMPLEMENTATIONS = YES;
				CLANG_WARN_DIRECT_OBJC_ISA_USAGE = YES_ERROR;
				CLANG_WARN_DOCUMENTATION_COMMENTS = YES;
				CLANG_WARN_EMPTY_BODY = YES;
				CLANG_WARN_ENUM_CONVERSION = YES;
				CLANG_WARN_INFINITE_RECURSION = YES;
				CLANG_WARN_INT_CONVERSION = YES;
				CLANG_WARN_NON_LITERAL_NULL_CONVERSION = YES;
				CLANG_WARN_OBJC_IMPLICIT_RETAIN_SELF = YES;
				CLANG_WARN_OBJC_LITERAL_CONVERSION = YES;
				CLANG_WARN_OBJC_ROOT_CLASS = YES_ERROR;
				CLANG_WARN_QUOTED_INCLUDE_IN_FRAMEWORK_HEADER = YES;
				CLANG_WARN_RANGE_LOOP_ANALYSIS = YES;
				CLANG_WARN_STRICT_PROTOTYPES = YES;
				CLANG_WARN_SUSPICIOUS_MOVE = YES;
				CLANG_WARN_UNGUARDED_AVAILABILITY = YES_AGGRESSIVE;
				CLANG_WARN_UNREACHABLE_CODE = YES;
				CLANG_WARN__DUPLICATE_METHOD_MATCH = YES;
				COPY_PHASE_STRIP = NO;
				DEBUG_INFORMATION_FORMAT = dwarf;
				ENABLE_STRICT_OBJC_MSGSEND = YES;
				ENABLE_TESTABILITY = YES;
				GCC_C_LANGUAGE_STANDARD = gnu11;
				GCC_DYNAMIC_NO_PIC = NO;
				GCC_NO_COMMON_BLOCKS = YES;
				GCC_OPTIMIZATION_LEVEL = 0;
				GCC_PREPROCESSOR_DEFINITIONS = (
					"DEBUG=1",
					"$(inherited)",
				);
				GCC_WARN_64_TO_32_BIT_CONVERSION = YES;
				GCC_WARN_ABOUT_RETURN_TYPE = YES_ERROR;
				GCC_WARN_UNDECLARED_SELECTOR = YES;
				GCC_WARN_UNINITIALIZED_AUTOS = YES_AGGRESSIVE;
				GCC_WARN_UNUSED_FUNCTION = YES;
				GCC_WARN_UNUSED_VARIABLE = YES;
				IPHONEOS_DEPLOYMENT_TARGET = 16.4;
				MTL_ENABLE_DEBUG_INFO = INCLUDE_SOURCE;
				MTL_FAST_MATH = YES;
				ONLY_ACTIVE_ARCH = YES;
				SDKROOT = iphoneos;
				SWIFT_ACTIVE_COMPILATION_CONDITIONS = DEBUG;
				SWIFT_OPTIMIZATION_LEVEL = "-Onone";
			};
			name = Debug;
		};
		847164F62A4C169500513A16 /* Release */ = {
			isa = XCBuildConfiguration;
			buildSettings = {
				ALWAYS_SEARCH_USER_PATHS = NO;
				CLANG_ANALYZER_NONNULL = YES;
				CLANG_ANALYZER_NUMBER_OBJECT_CONVERSION = YES_AGGRESSIVE;
				CLANG_CXX_LANGUAGE_STANDARD = "gnu++20";
				CLANG_ENABLE_MODULES = YES;
				CLANG_ENABLE_OBJC_ARC = YES;
				CLANG_ENABLE_OBJC_WEAK = YES;
				CLANG_WARN_BLOCK_CAPTURE_AUTORELEASING = YES;
				CLANG_WARN_BOOL_CONVERSION = YES;
				CLANG_WARN_COMMA = YES;
				CLANG_WARN_CONSTANT_CONVERSION = YES;
				CLANG_WARN_DEPRECATED_OBJC_IMPLEMENTATIONS = YES;
				CLANG_WARN_DIRECT_OBJC_ISA_USAGE = YES_ERROR;
				CLANG_WARN_DOCUMENTATION_COMMENTS = YES;
				CLANG_WARN_EMPTY_BODY = YES;
				CLANG_WARN_ENUM_CONVERSION = YES;
				CLANG_WARN_INFINITE_RECURSION = YES;
				CLANG_WARN_INT_CONVERSION = YES;
				CLANG_WARN_NON_LITERAL_NULL_CONVERSION = YES;
				CLANG_WARN_OBJC_IMPLICIT_RETAIN_SELF = YES;
				CLANG_WARN_OBJC_LITERAL_CONVERSION = YES;
				CLANG_WARN_OBJC_ROOT_CLASS = YES_ERROR;
				CLANG_WARN_QUOTED_INCLUDE_IN_FRAMEWORK_HEADER = YES;
				CLANG_WARN_RANGE_LOOP_ANALYSIS = YES;
				CLANG_WARN_STRICT_PROTOTYPES = YES;
				CLANG_WARN_SUSPICIOUS_MOVE = YES;
				CLANG_WARN_UNGUARDED_AVAILABILITY = YES_AGGRESSIVE;
				CLANG_WARN_UNREACHABLE_CODE = YES;
				CLANG_WARN__DUPLICATE_METHOD_MATCH = YES;
				COPY_PHASE_STRIP = NO;
				DEBUG_INFORMATION_FORMAT = "dwarf-with-dsym";
				ENABLE_NS_ASSERTIONS = NO;
				ENABLE_STRICT_OBJC_MSGSEND = YES;
				GCC_C_LANGUAGE_STANDARD = gnu11;
				GCC_NO_COMMON_BLOCKS = YES;
				GCC_WARN_64_TO_32_BIT_CONVERSION = YES;
				GCC_WARN_ABOUT_RETURN_TYPE = YES_ERROR;
				GCC_WARN_UNDECLARED_SELECTOR = YES;
				GCC_WARN_UNINITIALIZED_AUTOS = YES_AGGRESSIVE;
				GCC_WARN_UNUSED_FUNCTION = YES;
				GCC_WARN_UNUSED_VARIABLE = YES;
				IPHONEOS_DEPLOYMENT_TARGET = 16.4;
				MTL_ENABLE_DEBUG_INFO = NO;
				MTL_FAST_MATH = YES;
				SDKROOT = iphoneos;
				SWIFT_COMPILATION_MODE = wholemodule;
				SWIFT_OPTIMIZATION_LEVEL = "-O";
				VALIDATE_PRODUCT = YES;
			};
			name = Release;
		};
		847164F82A4C169500513A16 /* Debug */ = {
			isa = XCBuildConfiguration;
			buildSettings = {
				ASSETCATALOG_COMPILER_APPICON_NAME = AppIcon;
				ASSETCATALOG_COMPILER_GLOBAL_ACCENT_COLOR_NAME = AccentColor;
				CODE_SIGN_STYLE = Automatic;
				CURRENT_PROJECT_VERSION = 1;
				DEVELOPMENT_ASSET_PATHS = "\"Resto/Preview Content\"";
				ENABLE_PREVIEWS = YES;
				GENERATE_INFOPLIST_FILE = YES;
				INFOPLIST_KEY_UIApplicationSceneManifest_Generation = YES;
				INFOPLIST_KEY_UIApplicationSupportsIndirectInputEvents = YES;
				INFOPLIST_KEY_UILaunchScreen_Generation = YES;
				INFOPLIST_KEY_UISupportedInterfaceOrientations_iPad = "UIInterfaceOrientationPortrait UIInterfaceOrientationPortraitUpsideDown UIInterfaceOrientationLandscapeLeft UIInterfaceOrientationLandscapeRight";
				INFOPLIST_KEY_UISupportedInterfaceOrientations_iPhone = "UIInterfaceOrientationPortrait UIInterfaceOrientationLandscapeLeft UIInterfaceOrientationLandscapeRight";
				LD_RUNPATH_SEARCH_PATHS = (
					"$(inherited)",
					"@executable_path/Frameworks",
				);
				MARKETING_VERSION = 1.0;
				PRODUCT_BUNDLE_IDENTIFIER = "org.resto.nik-gribok.Resto";
				PRODUCT_NAME = "$(TARGET_NAME)";
				SWIFT_EMIT_LOC_STRINGS = YES;
				SWIFT_VERSION = 5.0;
				TARGETED_DEVICE_FAMILY = "1,2";
			};
			name = Debug;
		};
		847164F92A4C169500513A16 /* Release */ = {
			isa = XCBuildConfiguration;
			buildSettings = {
				ASSETCATALOG_COMPILER_APPICON_NAME = AppIcon;
				ASSETCATALOG_COMPILER_GLOBAL_ACCENT_COLOR_NAME = AccentColor;
				CODE_SIGN_STYLE = Automatic;
				CURRENT_PROJECT_VERSION = 1;
				DEVELOPMENT_ASSET_PATHS = "\"Resto/Preview Content\"";
				ENABLE_PREVIEWS = YES;
				GENERATE_INFOPLIST_FILE = YES;
				INFOPLIST_KEY_UIApplicationSceneManifest_Generation = YES;
				INFOPLIST_KEY_UIApplicationSupportsIndirectInputEvents = YES;
				INFOPLIST_KEY_UILaunchScreen_Generation = YES;
				INFOPLIST_KEY_UISupportedInterfaceOrientations_iPad = "UIInterfaceOrientationPortrait UIInterfaceOrientationPortraitUpsideDown UIInterfaceOrientationLandscapeLeft UIInterfaceOrientationLandscapeRight";
				INFOPLIST_KEY_UISupportedInterfaceOrientations_iPhone = "UIInterfaceOrientationPortrait UIInterfaceOrientationLandscapeLeft UIInterfaceOrientationLandscapeRight";
				LD_RUNPATH_SEARCH_PATHS = (
					"$(inherited)",
					"@executable_path/Frameworks",
				);
				MARKETING_VERSION = 1.0;
				PRODUCT_BUNDLE_IDENTIFIER = "org.resto.nik-gribok.Resto";
				PRODUCT_NAME = "$(TARGET_NAME)";
				SWIFT_EMIT_LOC_STRINGS = YES;
				SWIFT_VERSION = 5.0;
				TARGETED_DEVICE_FAMILY = "1,2";
			};
			name = Release;
		};
/* End XCBuildConfiguration section */

/* Begin XCConfigurationList section */
		847164E42A4C169300513A16 /* Build configuration list for PBXProject "Resto" */ = {
			isa = XCConfigurationList;
			buildConfigurations = (
				847164F52A4C169500513A16 /* Debug */,
				847164F62A4C169500513A16 /* Release */,
			);
			defaultConfigurationIsVisible = 0;
			defaultConfigurationName = Release;
		};
		847164F72A4C169500513A16 /* Build configuration list for PBXNativeTarget "Resto" */ = {
			isa = XCConfigurationList;
			buildConfigurations = (
				847164F82A4C169500513A16 /* Debug */,
				847164F92A4C169500513A16 /* Release */,
			);
			defaultConfigurationIsVisible = 0;
			defaultConfigurationName = Release;
		};
/* End XCConfigurationList section */
	};
	rootObject = 847164E12A4C169300513A16 /* Project object */;
}
